// !$*UTF8*$!
{
	archiveVersion = 1;
	classes = {
	};
	objectVersion = 46;
	objects = {

/* Begin PBXBuildFile section */
		232F5A2C1C82808C0013044E /* AppDelegate.swift in Sources */ = {isa = PBXBuildFile; fileRef = 232F5A2B1C82808C0013044E /* AppDelegate.swift */; };
		232F5A2E1C82808C0013044E /* AuthVC.swift in Sources */ = {isa = PBXBuildFile; fileRef = 232F5A2D1C82808C0013044E /* AuthVC.swift */; };
		232F5A311C82808C0013044E /* Main.storyboard in Resources */ = {isa = PBXBuildFile; fileRef = 232F5A2F1C82808C0013044E /* Main.storyboard */; };
		232F5A331C82808C0013044E /* Assets.xcassets in Resources */ = {isa = PBXBuildFile; fileRef = 232F5A321C82808C0013044E /* Assets.xcassets */; };
		232F5A361C82808C0013044E /* LaunchScreen.storyboard in Resources */ = {isa = PBXBuildFile; fileRef = 232F5A341C82808C0013044E /* LaunchScreen.storyboard */; };
		232F5A5C1C8281540013044E /* libicucore.tbd in Frameworks */ = {isa = PBXBuildFile; fileRef = 232F5A5B1C8281540013044E /* libicucore.tbd */; };
		232F5A5E1C82816C0013044E /* libc++.tbd in Frameworks */ = {isa = PBXBuildFile; fileRef = 232F5A5D1C82816C0013044E /* libc++.tbd */; };
		232F5A601C8281750013044E /* CFNetwork.framework in Frameworks */ = {isa = PBXBuildFile; fileRef = 232F5A5F1C8281750013044E /* CFNetwork.framework */; };
		232F5A621C82817F0013044E /* Security.framework in Frameworks */ = {isa = PBXBuildFile; fileRef = 232F5A611C82817F0013044E /* Security.framework */; };
		232F5A651C83B5080013044E /* Firebase.framework in Frameworks */ = {isa = PBXBuildFile; fileRef = 232F5A641C83B5080013044E /* Firebase.framework */; };
		236A82E71C879EFA00579E3E /* DashboardVC.swift in Sources */ = {isa = PBXBuildFile; fileRef = 236A82E61C879EFA00579E3E /* DashboardVC.swift */; };
/* End PBXBuildFile section */

/* Begin PBXFileReference section */
		232F5A281C82808C0013044E /* Attendance_iOS.app */ = {isa = PBXFileReference; explicitFileType = wrapper.application; includeInIndex = 0; path = Attendance_iOS.app; sourceTree = BUILT_PRODUCTS_DIR; };
		232F5A2B1C82808C0013044E /* AppDelegate.swift */ = {isa = PBXFileReference; lastKnownFileType = sourcecode.swift; path = AppDelegate.swift; sourceTree = "<group>"; };
		232F5A2D1C82808C0013044E /* AuthVC.swift */ = {isa = PBXFileReference; lastKnownFileType = sourcecode.swift; path = AuthVC.swift; sourceTree = "<group>"; };
		232F5A301C82808C0013044E /* Base */ = {isa = PBXFileReference; lastKnownFileType = file.storyboard; name = Base; path = Base.lproj/Main.storyboard; sourceTree = "<group>"; };
		232F5A321C82808C0013044E /* Assets.xcassets */ = {isa = PBXFileReference; lastKnownFileType = folder.assetcatalog; path = Assets.xcassets; sourceTree = "<group>"; };
		232F5A351C82808C0013044E /* Base */ = {isa = PBXFileReference; lastKnownFileType = file.storyboard; name = Base; path = Base.lproj/LaunchScreen.storyboard; sourceTree = "<group>"; };
		232F5A371C82808C0013044E /* Info.plist */ = {isa = PBXFileReference; lastKnownFileType = text.plist.xml; path = Info.plist; sourceTree = "<group>"; };
		232F5A5B1C8281540013044E /* libicucore.tbd */ = {isa = PBXFileReference; lastKnownFileType = "sourcecode.text-based-dylib-definition"; name = libicucore.tbd; path = usr/lib/libicucore.tbd; sourceTree = SDKROOT; };
		232F5A5D1C82816C0013044E /* libc++.tbd */ = {isa = PBXFileReference; lastKnownFileType = "sourcecode.text-based-dylib-definition"; name = "libc++.tbd"; path = "usr/lib/libc++.tbd"; sourceTree = SDKROOT; };
		232F5A5F1C8281750013044E /* CFNetwork.framework */ = {isa = PBXFileReference; lastKnownFileType = wrapper.framework; name = CFNetwork.framework; path = System/Library/Frameworks/CFNetwork.framework; sourceTree = SDKROOT; };
		232F5A611C82817F0013044E /* Security.framework */ = {isa = PBXFileReference; lastKnownFileType = wrapper.framework; name = Security.framework; path = System/Library/Frameworks/Security.framework; sourceTree = SDKROOT; };
		232F5A631C8281890013044E /* SystemConfiguration.framework */ = {isa = PBXFileReference; lastKnownFileType = wrapper.framework; name = SystemConfiguration.framework; path = System/Library/Frameworks/SystemConfiguration.framework; sourceTree = SDKROOT; };
		232F5A641C83B5080013044E /* Firebase.framework */ = {isa = PBXFileReference; lastKnownFileType = wrapper.framework; path = Firebase.framework; sourceTree = "<group>"; };
		236A82E61C879EFA00579E3E /* DashboardVC.swift */ = {isa = PBXFileReference; fileEncoding = 4; lastKnownFileType = sourcecode.swift; path = DashboardVC.swift; sourceTree = "<group>"; };
/* End PBXFileReference section */

/* Begin PBXFrameworksBuildPhase section */
		232F5A251C82808C0013044E /* Frameworks */ = {
			isa = PBXFrameworksBuildPhase;
			buildActionMask = 2147483647;
			files = (
				232F5A651C83B5080013044E /* Firebase.framework in Frameworks */,
				232F5A621C82817F0013044E /* Security.framework in Frameworks */,
				232F5A601C8281750013044E /* CFNetwork.framework in Frameworks */,
				232F5A5E1C82816C0013044E /* libc++.tbd in Frameworks */,
				232F5A5C1C8281540013044E /* libicucore.tbd in Frameworks */,
			);
			runOnlyForDeploymentPostprocessing = 0;
		};
/* End PBXFrameworksBuildPhase section */

/* Begin PBXGroup section */
		232F5A1F1C82808C0013044E = {
			isa = PBXGroup;
			children = (
				232F5A611C82817F0013044E /* Security.framework */,
				232F5A5F1C8281750013044E /* CFNetwork.framework */,
				232F5A5D1C82816C0013044E /* libc++.tbd */,
				232F5A5B1C8281540013044E /* libicucore.tbd */,
				232F5A641C83B5080013044E /* Firebase.framework */,
				232F5A631C8281890013044E /* SystemConfiguration.framework */,
				232F5A2A1C82808C0013044E /* Attendance_iOS */,
				232F5A291C82808C0013044E /* Products */,
			);
			sourceTree = "<group>";
		};
		232F5A291C82808C0013044E /* Products */ = {
			isa = PBXGroup;
			children = (
				232F5A281C82808C0013044E /* Attendance_iOS.app */,
			);
			name = Products;
			sourceTree = "<group>";
		};
		232F5A2A1C82808C0013044E /* Attendance_iOS */ = {
			isa = PBXGroup;
			children = (
				232F5A2B1C82808C0013044E /* AppDelegate.swift */,
				232F5A2D1C82808C0013044E /* AuthVC.swift */,
				232F5A2F1C82808C0013044E /* Main.storyboard */,
				236A82E61C879EFA00579E3E /* DashboardVC.swift */,
				232F5A321C82808C0013044E /* Assets.xcassets */,
				232F5A341C82808C0013044E /* LaunchScreen.storyboard */,
				232F5A371C82808C0013044E /* Info.plist */,
			);
			path = Attendance_iOS;
			sourceTree = "<group>";
		};
/* End PBXGroup section */

/* Begin PBXNativeTarget section */
		232F5A271C82808C0013044E /* Attendance_iOS */ = {
			isa = PBXNativeTarget;
			buildConfigurationList = 232F5A501C82808C0013044E /* Build configuration list for PBXNativeTarget "Attendance_iOS" */;
			buildPhases = (
				232F5A241C82808C0013044E /* Sources */,
				232F5A251C82808C0013044E /* Frameworks */,
				232F5A261C82808C0013044E /* Resources */,
			);
			buildRules = (
			);
			dependencies = (
			);
			name = Attendance_iOS;
			productName = Attendance_iOS;
			productReference = 232F5A281C82808C0013044E /* Attendance_iOS.app */;
			productType = "com.apple.product-type.application";
		};
/* End PBXNativeTarget section */

/* Begin PBXProject section */
		232F5A201C82808C0013044E /* Project object */ = {
			isa = PBXProject;
			attributes = {
				LastSwiftUpdateCheck = 0720;
				LastUpgradeCheck = 0720;
				ORGANIZATIONNAME = "Jake Wert";
				TargetAttributes = {
					232F5A271C82808C0013044E = {
						CreatedOnToolsVersion = 7.2;
						DevelopmentTeam = N3C863Y633;
					};
				};
			};
			buildConfigurationList = 232F5A231C82808C0013044E /* Build configuration list for PBXProject "Attendance_iOS" */;
			compatibilityVersion = "Xcode 3.2";
			developmentRegion = English;
			hasScannedForEncodings = 0;
			knownRegions = (
				en,
				Base,
			);
			mainGroup = 232F5A1F1C82808C0013044E;
			productRefGroup = 232F5A291C82808C0013044E /* Products */;
			projectDirPath = "";
			projectRoot = "";
			targets = (
				232F5A271C82808C0013044E /* Attendance_iOS */,
			);
		};
/* End PBXProject section */

/* Begin PBXResourcesBuildPhase section */
		232F5A261C82808C0013044E /* Resources */ = {
			isa = PBXResourcesBuildPhase;
			buildActionMask = 2147483647;
			files = (
				232F5A361C82808C0013044E /* LaunchScreen.storyboard in Resources */,
				232F5A331C82808C0013044E /* Assets.xcassets in Resources */,
				232F5A311C82808C0013044E /* Main.storyboard in Resources */,
			);
			runOnlyForDeploymentPostprocessing = 0;
		};
/* End PBXResourcesBuildPhase section */

/* Begin PBXSourcesBuildPhase section */
		232F5A241C82808C0013044E /* Sources */ = {
			isa = PBXSourcesBuildPhase;
			buildActionMask = 2147483647;
			files = (
				232F5A2E1C82808C0013044E /* AuthVC.swift in Sources */,
				236A82E71C879EFA00579E3E /* DashboardVC.swift in Sources */,
				232F5A2C1C82808C0013044E /* AppDelegate.swift in Sources */,
			);
			runOnlyForDeploymentPostprocessing = 0;
		};
/* End PBXSourcesBuildPhase section */

/* Begin PBXVariantGroup section */
		232F5A2F1C82808C0013044E /* Main.storyboard */ = {
			isa = PBXVariantGroup;
			children = (
				232F5A301C82808C0013044E /* Base */,
			);
			name = Main.storyboard;
			sourceTree = "<group>";
		};
		232F5A341C82808C0013044E /* LaunchScreen.storyboard */ = {
			isa = PBXVariantGroup;
			children = (
				232F5A351C82808C0013044E /* Base */,
			);
			name = LaunchScreen.storyboard;
			sourceTree = "<group>";
		};
/* End PBXVariantGroup section */

/* Begin XCBuildConfiguration section */
		232F5A4E1C82808C0013044E /* Debug */ = {
			isa = XCBuildConfiguration;
			buildSettings = {
				ALWAYS_SEARCH_USER_PATHS = NO;
				CLANG_CXX_LANGUAGE_STANDARD = "gnu++0x";
				CLANG_CXX_LIBRARY = "libc++";
				CLANG_ENABLE_MODULES = YES;
				CLANG_ENABLE_OBJC_ARC = YES;
				CLANG_WARN_BOOL_CONVERSION = YES;
				CLANG_WARN_CONSTANT_CONVERSION = YES;
				CLANG_WARN_DIRECT_OBJC_ISA_USAGE = YES_ERROR;
				CLANG_WARN_EMPTY_BODY = YES;
				CLANG_WARN_ENUM_CONVERSION = YES;
				CLANG_WARN_INT_CONVERSION = YES;
				CLANG_WARN_OBJC_ROOT_CLASS = YES_ERROR;
				CLANG_WARN_UNREACHABLE_CODE = YES;
				CLANG_WARN__DUPLICATE_METHOD_MATCH = YES;
				"CODE_SIGN_IDENTITY[sdk=iphoneos*]" = "iPhone Developer";
				COPY_PHASE_STRIP = NO;
				DEBUG_INFORMATION_FORMAT = dwarf;
				ENABLE_STRICT_OBJC_MSGSEND = YES;
				ENABLE_TESTABILITY = YES;
				GCC_C_LANGUAGE_STANDARD = gnu99;
				GCC_DYNAMIC_NO_PIC = NO;
				GCC_NO_COMMON_BLOCKS = YES;
				GCC_OPTIMIZATION_LEVEL = 0;
				GCC_PREPROCESSOR_DEFINITIONS = (
					"DEBUG=1",
					"$(inherited)",
				);
				GCC_WARN_64_TO_32_BIT_CONVERSION = YES;
				GCC_WARN_ABOUT_RETURN_TYPE = YES_ERROR;
				GCC_WARN_UNDECLARED_SELECTOR = YES;
				GCC_WARN_UNINITIALIZED_AUTOS = YES_AGGRESSIVE;
				GCC_WARN_UNUSED_FUNCTION = YES;
				GCC_WARN_UNUSED_VARIABLE = YES;
				IPHONEOS_DEPLOYMENT_TARGET = 9.2;
				MTL_ENABLE_DEBUG_INFO = YES;
				ONLY_ACTIVE_ARCH = YES;
				SDKROOT = iphoneos;
				SWIFT_OPTIMIZATION_LEVEL = "-Onone";
				TARGETED_DEVICE_FAMILY = "1,2";
			};
			name = Debug;
		};
		232F5A4F1C82808C0013044E /* Release */ = {
			isa = XCBuildConfiguration;
			buildSettings = {
				ALWAYS_SEARCH_USER_PATHS = NO;
				CLANG_CXX_LANGUAGE_STANDARD = "gnu++0x";
				CLANG_CXX_LIBRARY = "libc++";
				CLANG_ENABLE_MODULES = YES;
				CLANG_ENABLE_OBJC_ARC = YES;
				CLANG_WARN_BOOL_CONVERSION = YES;
				CLANG_WARN_CONSTANT_CONVERSION = YES;
				CLANG_WARN_DIRECT_OBJC_ISA_USAGE = YES_ERROR;
				CLANG_WARN_EMPTY_BODY = YES;
				CLANG_WARN_ENUM_CONVERSION = YES;
				CLANG_WARN_INT_CONVERSION = YES;
				CLANG_WARN_OBJC_ROOT_CLASS = YES_ERROR;
				CLANG_WARN_UNREACHABLE_CODE = YES;
				CLANG_WARN__DUPLICATE_METHOD_MATCH = YES;
				"CODE_SIGN_IDENTITY[sdk=iphoneos*]" = "iPhone Developer";
				COPY_PHASE_STRIP = NO;
				DEBUG_INFORMATION_FORMAT = "dwarf-with-dsym";
				ENABLE_NS_ASSERTIONS = NO;
				ENABLE_STRICT_OBJC_MSGSEND = YES;
				GCC_C_LANGUAGE_STANDARD = gnu99;
				GCC_NO_COMMON_BLOCKS = YES;
				GCC_WARN_64_TO_32_BIT_CONVERSION = YES;
				GCC_WARN_ABOUT_RETURN_TYPE = YES_ERROR;
				GCC_WARN_UNDECLARED_SELECTOR = YES;
				GCC_WARN_UNINITIALIZED_AUTOS = YES_AGGRESSIVE;
				GCC_WARN_UNUSED_FUNCTION = YES;
				GCC_WARN_UNUSED_VARIABLE = YES;
				IPHONEOS_DEPLOYMENT_TARGET = 9.2;
				MTL_ENABLE_DEBUG_INFO = NO;
				SDKROOT = iphoneos;
				TARGETED_DEVICE_FAMILY = "1,2";
				VALIDATE_PRODUCT = YES;
			};
			name = Release;
		};
		232F5A511C82808C0013044E /* Debug */ = {
			isa = XCBuildConfiguration;
			buildSettings = {
				ASSETCATALOG_COMPILER_APPICON_NAME = AppIcon;
				FRAMEWORK_SEARCH_PATHS = (
					"$(inherited)",
					"$(PROJECT_DIR)/Attendance_iOS",
					"$(PROJECT_DIR)",
				);
				INFOPLIST_FILE = Attendance_iOS/Info.plist;
				LD_RUNPATH_SEARCH_PATHS = "$(inherited) @executable_path/Frameworks";
				PRODUCT_BUNDLE_IDENTIFIER = "com.JakeWert.Attendance-iOS";
				PRODUCT_NAME = "$(TARGET_NAME)";
			};
			name = Debug;
		};
		232F5A521C82808C0013044E /* Release */ = {
			isa = XCBuildConfiguration;
			buildSettings = {
				ASSETCATALOG_COMPILER_APPICON_NAME = AppIcon;
				FRAMEWORK_SEARCH_PATHS = (
					"$(inherited)",
					"$(PROJECT_DIR)/Attendance_iOS",
					"$(PROJECT_DIR)",
				);
				INFOPLIST_FILE = Attendance_iOS/Info.plist;
				LD_RUNPATH_SEARCH_PATHS = "$(inherited) @executable_path/Frameworks";
				PRODUCT_BUNDLE_IDENTIFIER = "com.JakeWert.Attendance-iOS";
				PRODUCT_NAME = "$(TARGET_NAME)";
			};
			name = Release;
		};
/* End XCBuildConfiguration section */

/* Begin XCConfigurationList section */
		232F5A231C82808C0013044E /* Build configuration list for PBXProject "Attendance_iOS" */ = {
			isa = XCConfigurationList;
			buildConfigurations = (
				232F5A4E1C82808C0013044E /* Debug */,
				232F5A4F1C82808C0013044E /* Release */,
			);
			defaultConfigurationIsVisible = 0;
			defaultConfigurationName = Release;
		};
		232F5A501C82808C0013044E /* Build configuration list for PBXNativeTarget "Attendance_iOS" */ = {
			isa = XCConfigurationList;
			buildConfigurations = (
				232F5A511C82808C0013044E /* Debug */,
				232F5A521C82808C0013044E /* Release */,
			);
			defaultConfigurationIsVisible = 0;
			defaultConfigurationName = Release;
		};
/* End XCConfigurationList section */
	};
	rootObject = 232F5A201C82808C0013044E /* Project object */;
}
