// !$*UTF8*$!
{
	archiveVersion = 1;
	classes = {
	};
	objectVersion = 46;
	objects = {

/* Begin PBXBuildFile section */
		232F5A2C1C82808C0013044E /* AppDelegate.swift in Sources */ = {isa = PBXBuildFile; fileRef = 232F5A2B1C82808C0013044E /* AppDelegate.swift */; };
		232F5A2E1C82808C0013044E /* ViewController.swift in Sources */ = {isa = PBXBuildFile; fileRef = 232F5A2D1C82808C0013044E /* ViewController.swift */; };
		232F5A311C82808C0013044E /* Main.storyboard in Resources */ = {isa = PBXBuildFile; fileRef = 232F5A2F1C82808C0013044E /* Main.storyboard */; };
		232F5A331C82808C0013044E /* Assets.xcassets in Resources */ = {isa = PBXBuildFile; fileRef = 232F5A321C82808C0013044E /* Assets.xcassets */; };
		232F5A361C82808C0013044E /* LaunchScreen.storyboard in Resources */ = {isa = PBXBuildFile; fileRef = 232F5A341C82808C0013044E /* LaunchScreen.storyboard */; };
		232F5A411C82808C0013044E /* Attendance_iOSTests.swift in Sources */ = {isa = PBXBuildFile; fileRef = 232F5A401C82808C0013044E /* Attendance_iOSTests.swift */; };
		232F5A4C1C82808C0013044E /* Attendance_iOSUITests.swift in Sources */ = {isa = PBXBuildFile; fileRef = 232F5A4B1C82808C0013044E /* Attendance_iOSUITests.swift */; };
/* End PBXBuildFile section */

/* Begin PBXContainerItemProxy section */
		232F5A3D1C82808C0013044E /* PBXContainerItemProxy */ = {
			isa = PBXContainerItemProxy;
			containerPortal = 232F5A201C82808C0013044E /* Project object */;
			proxyType = 1;
			remoteGlobalIDString = 232F5A271C82808C0013044E;
			remoteInfo = Attendance_iOS;
		};
		232F5A481C82808C0013044E /* PBXContainerItemProxy */ = {
			isa = PBXContainerItemProxy;
			containerPortal = 232F5A201C82808C0013044E /* Project object */;
			proxyType = 1;
			remoteGlobalIDString = 232F5A271C82808C0013044E;
			remoteInfo = Attendance_iOS;
		};
/* End PBXContainerItemProxy section */

/* Begin PBXFileReference section */
		232F5A281C82808C0013044E /* Attendance_iOS.app */ = {isa = PBXFileReference; explicitFileType = wrapper.application; includeInIndex = 0; path = Attendance_iOS.app; sourceTree = BUILT_PRODUCTS_DIR; };
		232F5A2B1C82808C0013044E /* AppDelegate.swift */ = {isa = PBXFileReference; lastKnownFileType = sourcecode.swift; path = AppDelegate.swift; sourceTree = "<group>"; };
		232F5A2D1C82808C0013044E /* ViewController.swift */ = {isa = PBXFileReference; lastKnownFileType = sourcecode.swift; path = ViewController.swift; sourceTree = "<group>"; };
		232F5A301C82808C0013044E /* Base */ = {isa = PBXFileReference; lastKnownFileType = file.storyboard; name = Base; path = Base.lproj/Main.storyboard; sourceTree = "<group>"; };
		232F5A321C82808C0013044E /* Assets.xcassets */ = {isa = PBXFileReference; lastKnownFileType = folder.assetcatalog; path = Assets.xcassets; sourceTree = "<group>"; };
		232F5A351C82808C0013044E /* Base */ = {isa = PBXFileReference; lastKnownFileType = file.storyboard; name = Base; path = Base.lproj/LaunchScreen.storyboard; sourceTree = "<group>"; };
		232F5A371C82808C0013044E /* Info.plist */ = {isa = PBXFileReference; lastKnownFileType = text.plist.xml; path = Info.plist; sourceTree = "<group>"; };
		232F5A3C1C82808C0013044E /* Attendance_iOSTests.xctest */ = {isa = PBXFileReference; explicitFileType = wrapper.cfbundle; includeInIndex = 0; path = Attendance_iOSTests.xctest; sourceTree = BUILT_PRODUCTS_DIR; };
		232F5A401C82808C0013044E /* Attendance_iOSTests.swift */ = {isa = PBXFileReference; lastKnownFileType = sourcecode.swift; path = Attendance_iOSTests.swift; sourceTree = "<group>"; };
		232F5A421C82808C0013044E /* Info.plist */ = {isa = PBXFileReference; lastKnownFileType = text.plist.xml; path = Info.plist; sourceTree = "<group>"; };
		232F5A471C82808C0013044E /* Attendance_iOSUITests.xctest */ = {isa = PBXFileReference; explicitFileType = wrapper.cfbundle; includeInIndex = 0; path = Attendance_iOSUITests.xctest; sourceTree = BUILT_PRODUCTS_DIR; };
		232F5A4B1C82808C0013044E /* Attendance_iOSUITests.swift */ = {isa = PBXFileReference; lastKnownFileType = sourcecode.swift; path = Attendance_iOSUITests.swift; sourceTree = "<group>"; };
		232F5A4D1C82808C0013044E /* Info.plist */ = {isa = PBXFileReference; lastKnownFileType = text.plist.xml; path = Info.plist; sourceTree = "<group>"; };
/* End PBXFileReference section */

/* Begin PBXFrameworksBuildPhase section */
		232F5A251C82808C0013044E /* Frameworks */ = {
			isa = PBXFrameworksBuildPhase;
			buildActionMask = 2147483647;
			files = (
			);
			runOnlyForDeploymentPostprocessing = 0;
		};
		232F5A391C82808C0013044E /* Frameworks */ = {
			isa = PBXFrameworksBuildPhase;
			buildActionMask = 2147483647;
			files = (
			);
			runOnlyForDeploymentPostprocessing = 0;
		};
		232F5A441C82808C0013044E /* Frameworks */ = {
			isa = PBXFrameworksBuildPhase;
			buildActionMask = 2147483647;
			files = (
			);
			runOnlyForDeploymentPostprocessing = 0;
		};
/* End PBXFrameworksBuildPhase section */

/* Begin PBXGroup section */
		232F5A1F1C82808C0013044E = {
			isa = PBXGroup;
			children = (
				232F5A2A1C82808C0013044E /* Attendance_iOS */,
				232F5A3F1C82808C0013044E /* Attendance_iOSTests */,
				232F5A4A1C82808C0013044E /* Attendance_iOSUITests */,
				232F5A291C82808C0013044E /* Products */,
			);
			sourceTree = "<group>";
		};
		232F5A291C82808C0013044E /* Products */ = {
			isa = PBXGroup;
			children = (
				232F5A281C82808C0013044E /* Attendance_iOS.app */,
				232F5A3C1C82808C0013044E /* Attendance_iOSTests.xctest */,
				232F5A471C82808C0013044E /* Attendance_iOSUITests.xctest */,
			);
			name = Products;
			sourceTree = "<group>";
		};
		232F5A2A1C82808C0013044E /* Attendance_iOS */ = {
			isa = PBXGroup;
			children = (
				232F5A2B1C82808C0013044E /* AppDelegate.swift */,
				232F5A2D1C82808C0013044E /* ViewController.swift */,
				232F5A2F1C82808C0013044E /* Main.storyboard */,
				232F5A321C82808C0013044E /* Assets.xcassets */,
				232F5A341C82808C0013044E /* LaunchScreen.storyboard */,
				232F5A371C82808C0013044E /* Info.plist */,
			);
			path = Attendance_iOS;
			sourceTree = "<group>";
		};
		232F5A3F1C82808C0013044E /* Attendance_iOSTests */ = {
			isa = PBXGroup;
			children = (
				232F5A401C82808C0013044E /* Attendance_iOSTests.swift */,
				232F5A421C82808C0013044E /* Info.plist */,
			);
			path = Attendance_iOSTests;
			sourceTree = "<group>";
		};
		232F5A4A1C82808C0013044E /* Attendance_iOSUITests */ = {
			isa = PBXGroup;
			children = (
				232F5A4B1C82808C0013044E /* Attendance_iOSUITests.swift */,
				232F5A4D1C82808C0013044E /* Info.plist */,
			);
			path = Attendance_iOSUITests;
			sourceTree = "<group>";
		};
/* End PBXGroup section */

/* Begin PBXNativeTarget section */
		232F5A271C82808C0013044E /* Attendance_iOS */ = {
			isa = PBXNativeTarget;
			buildConfigurationList = 232F5A501C82808C0013044E /* Build configuration list for PBXNativeTarget "Attendance_iOS" */;
			buildPhases = (
				232F5A241C82808C0013044E /* Sources */,
				232F5A251C82808C0013044E /* Frameworks */,
				232F5A261C82808C0013044E /* Resources */,
			);
			buildRules = (
			);
			dependencies = (
			);
			name = Attendance_iOS;
			productName = Attendance_iOS;
			productReference = 232F5A281C82808C0013044E /* Attendance_iOS.app */;
			productType = "com.apple.product-type.application";
		};
		232F5A3B1C82808C0013044E /* Attendance_iOSTests */ = {
			isa = PBXNativeTarget;
			buildConfigurationList = 232F5A531C82808C0013044E /* Build configuration list for PBXNativeTarget "Attendance_iOSTests" */;
			buildPhases = (
				232F5A381C82808C0013044E /* Sources */,
				232F5A391C82808C0013044E /* Frameworks */,
				232F5A3A1C82808C0013044E /* Resources */,
			);
			buildRules = (
			);
			dependencies = (
				232F5A3E1C82808C0013044E /* PBXTargetDependency */,
			);
			name = Attendance_iOSTests;
			productName = Attendance_iOSTests;
			productReference = 232F5A3C1C82808C0013044E /* Attendance_iOSTests.xctest */;
			productType = "com.apple.product-type.bundle.unit-test";
		};
		232F5A461C82808C0013044E /* Attendance_iOSUITests */ = {
			isa = PBXNativeTarget;
			buildConfigurationList = 232F5A561C82808C0013044E /* Build configuration list for PBXNativeTarget "Attendance_iOSUITests" */;
			buildPhases = (
				232F5A431C82808C0013044E /* Sources */,
				232F5A441C82808C0013044E /* Frameworks */,
				232F5A451C82808C0013044E /* Resources */,
			);
			buildRules = (
			);
			dependencies = (
				232F5A491C82808C0013044E /* PBXTargetDependency */,
			);
			name = Attendance_iOSUITests;
			productName = Attendance_iOSUITests;
			productReference = 232F5A471C82808C0013044E /* Attendance_iOSUITests.xctest */;
			productType = "com.apple.product-type.bundle.ui-testing";
		};
/* End PBXNativeTarget section */

/* Begin PBXProject section */
		232F5A201C82808C0013044E /* Project object */ = {
			isa = PBXProject;
			attributes = {
				LastSwiftUpdateCheck = 0720;
				LastUpgradeCheck = 0720;
				ORGANIZATIONNAME = "Jake Wert";
				TargetAttributes = {
					232F5A271C82808C0013044E = {
						CreatedOnToolsVersion = 7.2;
						DevelopmentTeam = N3C863Y633;
					};
					232F5A3B1C82808C0013044E = {
						CreatedOnToolsVersion = 7.2;
						DevelopmentTeam = N3C863Y633;
						TestTargetID = 232F5A271C82808C0013044E;
					};
					232F5A461C82808C0013044E = {
						CreatedOnToolsVersion = 7.2;
						DevelopmentTeam = N3C863Y633;
						TestTargetID = 232F5A271C82808C0013044E;
					};
				};
			};
			buildConfigurationList = 232F5A231C82808C0013044E /* Build configuration list for PBXProject "Attendance_iOS" */;
			compatibilityVersion = "Xcode 3.2";
			developmentRegion = English;
			hasScannedForEncodings = 0;
			knownRegions = (
				en,
				Base,
			);
			mainGroup = 232F5A1F1C82808C0013044E;
			productRefGroup = 232F5A291C82808C0013044E /* Products */;
			projectDirPath = "";
			projectRoot = "";
			targets = (
				232F5A271C82808C0013044E /* Attendance_iOS */,
				232F5A3B1C82808C0013044E /* Attendance_iOSTests */,
				232F5A461C82808C0013044E /* Attendance_iOSUITests */,
			);
		};
/* End PBXProject section */

/* Begin PBXResourcesBuildPhase section */
		232F5A261C82808C0013044E /* Resources */ = {
			isa = PBXResourcesBuildPhase;
			buildActionMask = 2147483647;
			files = (
				232F5A361C82808C0013044E /* LaunchScreen.storyboard in Resources */,
				232F5A331C82808C0013044E /* Assets.xcassets in Resources */,
				232F5A311C82808C0013044E /* Main.storyboard in Resources */,
			);
			runOnlyForDeploymentPostprocessing = 0;
		};
		232F5A3A1C82808C0013044E /* Resources */ = {
			isa = PBXResourcesBuildPhase;
			buildActionMask = 2147483647;
			files = (
			);
			runOnlyForDeploymentPostprocessing = 0;
		};
		232F5A451C82808C0013044E /* Resources */ = {
			isa = PBXResourcesBuildPhase;
			buildActionMask = 2147483647;
			files = (
			);
			runOnlyForDeploymentPostprocessing = 0;
		};
/* End PBXResourcesBuildPhase section */

/* Begin PBXSourcesBuildPhase section */
		232F5A241C82808C0013044E /* Sources */ = {
			isa = PBXSourcesBuildPhase;
			buildActionMask = 2147483647;
			files = (
				232F5A2E1C82808C0013044E /* ViewController.swift in Sources */,
				232F5A2C1C82808C0013044E /* AppDelegate.swift in Sources */,
			);
			runOnlyForDeploymentPostprocessing = 0;
		};
		232F5A381C82808C0013044E /* Sources */ = {
			isa = PBXSourcesBuildPhase;
			buildActionMask = 2147483647;
			files = (
				232F5A411C82808C0013044E /* Attendance_iOSTests.swift in Sources */,
			);
			runOnlyForDeploymentPostprocessing = 0;
		};
		232F5A431C82808C0013044E /* Sources */ = {
			isa = PBXSourcesBuildPhase;
			buildActionMask = 2147483647;
			files = (
				232F5A4C1C82808C0013044E /* Attendance_iOSUITests.swift in Sources */,
			);
			runOnlyForDeploymentPostprocessing = 0;
		};
/* End PBXSourcesBuildPhase section */

/* Begin PBXTargetDependency section */
		232F5A3E1C82808C0013044E /* PBXTargetDependency */ = {
			isa = PBXTargetDependency;
			target = 232F5A271C82808C0013044E /* Attendance_iOS */;
			targetProxy = 232F5A3D1C82808C0013044E /* PBXContainerItemProxy */;
		};
		232F5A491C82808C0013044E /* PBXTargetDependency */ = {
			isa = PBXTargetDependency;
			target = 232F5A271C82808C0013044E /* Attendance_iOS */;
			targetProxy = 232F5A481C82808C0013044E /* PBXContainerItemProxy */;
		};
/* End PBXTargetDependency section */

/* Begin PBXVariantGroup section */
		232F5A2F1C82808C0013044E /* Main.storyboard */ = {
			isa = PBXVariantGroup;
			children = (
				232F5A301C82808C0013044E /* Base */,
			);
			name = Main.storyboard;
			sourceTree = "<group>";
		};
		232F5A341C82808C0013044E /* LaunchScreen.storyboard */ = {
			isa = PBXVariantGroup;
			children = (
				232F5A351C82808C0013044E /* Base */,
			);
			name = LaunchScreen.storyboard;
			sourceTree = "<group>";
		};
/* End PBXVariantGroup section */

/* Begin XCBuildConfiguration section */
		232F5A4E1C82808C0013044E /* Debug */ = {
			isa = XCBuildConfiguration;
			buildSettings = {
				ALWAYS_SEARCH_USER_PATHS = NO;
				CLANG_CXX_LANGUAGE_STANDARD = "gnu++0x";
				CLANG_CXX_LIBRARY = "libc++";
				CLANG_ENABLE_MODULES = YES;
				CLANG_ENABLE_OBJC_ARC = YES;
				CLANG_WARN_BOOL_CONVERSION = YES;
				CLANG_WARN_CONSTANT_CONVERSION = YES;
				CLANG_WARN_DIRECT_OBJC_ISA_USAGE = YES_ERROR;
				CLANG_WARN_EMPTY_BODY = YES;
				CLANG_WARN_ENUM_CONVERSION = YES;
				CLANG_WARN_INT_CONVERSION = YES;
				CLANG_WARN_OBJC_ROOT_CLASS = YES_ERROR;
				CLANG_WARN_UNREACHABLE_CODE = YES;
				CLANG_WARN__DUPLICATE_METHOD_MATCH = YES;
				"CODE_SIGN_IDENTITY[sdk=iphoneos*]" = "iPhone Developer";
				COPY_PHASE_STRIP = NO;
				DEBUG_INFORMATION_FORMAT = dwarf;
				ENABLE_STRICT_OBJC_MSGSEND = YES;
				ENABLE_TESTABILITY = YES;
				GCC_C_LANGUAGE_STANDARD = gnu99;
				GCC_DYNAMIC_NO_PIC = NO;
				GCC_NO_COMMON_BLOCKS = YES;
				GCC_OPTIMIZATION_LEVEL = 0;
				GCC_PREPROCESSOR_DEFINITIONS = (
					"DEBUG=1",
					"$(inherited)",
				);
				GCC_WARN_64_TO_32_BIT_CONVERSION = YES;
				GCC_WARN_ABOUT_RETURN_TYPE = YES_ERROR;
				GCC_WARN_UNDECLARED_SELECTOR = YES;
				GCC_WARN_UNINITIALIZED_AUTOS = YES_AGGRESSIVE;
				GCC_WARN_UNUSED_FUNCTION = YES;
				GCC_WARN_UNUSED_VARIABLE = YES;
				IPHONEOS_DEPLOYMENT_TARGET = 9.2;
				MTL_ENABLE_DEBUG_INFO = YES;
				ONLY_ACTIVE_ARCH = YES;
				SDKROOT = iphoneos;
				SWIFT_OPTIMIZATION_LEVEL = "-Onone";
				TARGETED_DEVICE_FAMILY = "1,2";
			};
			name = Debug;
		};
		232F5A4F1C82808C0013044E /* Release */ = {
			isa = XCBuildConfiguration;
			buildSettings = {
				ALWAYS_SEARCH_USER_PATHS = NO;
				CLANG_CXX_LANGUAGE_STANDARD = "gnu++0x";
				CLANG_CXX_LIBRARY = "libc++";
				CLANG_ENABLE_MODULES = YES;
				CLANG_ENABLE_OBJC_ARC = YES;
				CLANG_WARN_BOOL_CONVERSION = YES;
				CLANG_WARN_CONSTANT_CONVERSION = YES;
				CLANG_WARN_DIRECT_OBJC_ISA_USAGE = YES_ERROR;
				CLANG_WARN_EMPTY_BODY = YES;
				CLANG_WARN_ENUM_CONVERSION = YES;
				CLANG_WARN_INT_CONVERSION = YES;
				CLANG_WARN_OBJC_ROOT_CLASS = YES_ERROR;
				CLANG_WARN_UNREACHABLE_CODE = YES;
				CLANG_WARN__DUPLICATE_METHOD_MATCH = YES;
				"CODE_SIGN_IDENTITY[sdk=iphoneos*]" = "iPhone Developer";
				COPY_PHASE_STRIP = NO;
				DEBUG_INFORMATION_FORMAT = "dwarf-with-dsym";
				ENABLE_NS_ASSERTIONS = NO;
				ENABLE_STRICT_OBJC_MSGSEND = YES;
				GCC_C_LANGUAGE_STANDARD = gnu99;
				GCC_NO_COMMON_BLOCKS = YES;
				GCC_WARN_64_TO_32_BIT_CONVERSION = YES;
				GCC_WARN_ABOUT_RETURN_TYPE = YES_ERROR;
				GCC_WARN_UNDECLARED_SELECTOR = YES;
				GCC_WARN_UNINITIALIZED_AUTOS = YES_AGGRESSIVE;
				GCC_WARN_UNUSED_FUNCTION = YES;
				GCC_WARN_UNUSED_VARIABLE = YES;
				IPHONEOS_DEPLOYMENT_TARGET = 9.2;
				MTL_ENABLE_DEBUG_INFO = NO;
				SDKROOT = iphoneos;
				TARGETED_DEVICE_FAMILY = "1,2";
				VALIDATE_PRODUCT = YES;
			};
			name = Release;
		};
		232F5A511C82808C0013044E /* Debug */ = {
			isa = XCBuildConfiguration;
			buildSettings = {
				ASSETCATALOG_COMPILER_APPICON_NAME = AppIcon;
				INFOPLIST_FILE = Attendance_iOS/Info.plist;
				LD_RUNPATH_SEARCH_PATHS = "$(inherited) @executable_path/Frameworks";
				PRODUCT_BUNDLE_IDENTIFIER = "com.JakeWert.Attendance-iOS";
				PRODUCT_NAME = "$(TARGET_NAME)";
			};
			name = Debug;
		};
		232F5A521C82808C0013044E /* Release */ = {
			isa = XCBuildConfiguration;
			buildSettings = {
				ASSETCATALOG_COMPILER_APPICON_NAME = AppIcon;
				INFOPLIST_FILE = Attendance_iOS/Info.plist;
				LD_RUNPATH_SEARCH_PATHS = "$(inherited) @executable_path/Frameworks";
				PRODUCT_BUNDLE_IDENTIFIER = "com.JakeWert.Attendance-iOS";
				PRODUCT_NAME = "$(TARGET_NAME)";
			};
			name = Release;
		};
		232F5A541C82808C0013044E /* Debug */ = {
			isa = XCBuildConfiguration;
			buildSettings = {
				BUNDLE_LOADER = "$(TEST_HOST)";
				INFOPLIST_FILE = Attendance_iOSTests/Info.plist;
				LD_RUNPATH_SEARCH_PATHS = "$(inherited) @executable_path/Frameworks @loader_path/Frameworks";
				PRODUCT_BUNDLE_IDENTIFIER = "com.JakeWert.Attendance-iOSTests";
				PRODUCT_NAME = "$(TARGET_NAME)";
				TEST_HOST = "$(BUILT_PRODUCTS_DIR)/Attendance_iOS.app/Attendance_iOS";
			};
			name = Debug;
		};
		232F5A551C82808C0013044E /* Release */ = {
			isa = XCBuildConfiguration;
			buildSettings = {
				BUNDLE_LOADER = "$(TEST_HOST)";
				INFOPLIST_FILE = Attendance_iOSTests/Info.plist;
				LD_RUNPATH_SEARCH_PATHS = "$(inherited) @executable_path/Frameworks @loader_path/Frameworks";
				PRODUCT_BUNDLE_IDENTIFIER = "com.JakeWert.Attendance-iOSTests";
				PRODUCT_NAME = "$(TARGET_NAME)";
				TEST_HOST = "$(BUILT_PRODUCTS_DIR)/Attendance_iOS.app/Attendance_iOS";
			};
			name = Release;
		};
		232F5A571C82808C0013044E /* Debug */ = {
			isa = XCBuildConfiguration;
			buildSettings = {
				INFOPLIST_FILE = Attendance_iOSUITests/Info.plist;
				LD_RUNPATH_SEARCH_PATHS = "$(inherited) @executable_path/Frameworks @loader_path/Frameworks";
				PRODUCT_BUNDLE_IDENTIFIER = "com.JakeWert.Attendance-iOSUITests";
				PRODUCT_NAME = "$(TARGET_NAME)";
				TEST_TARGET_NAME = Attendance_iOS;
				USES_XCTRUNNER = YES;
			};
			name = Debug;
		};
		232F5A581C82808C0013044E /* Release */ = {
			isa = XCBuildConfiguration;
			buildSettings = {
				INFOPLIST_FILE = Attendance_iOSUITests/Info.plist;
				LD_RUNPATH_SEARCH_PATHS = "$(inherited) @executable_path/Frameworks @loader_path/Frameworks";
				PRODUCT_BUNDLE_IDENTIFIER = "com.JakeWert.Attendance-iOSUITests";
				PRODUCT_NAME = "$(TARGET_NAME)";
				TEST_TARGET_NAME = Attendance_iOS;
				USES_XCTRUNNER = YES;
			};
			name = Release;
		};
/* End XCBuildConfiguration section */

/* Begin XCConfigurationList section */
		232F5A231C82808C0013044E /* Build configuration list for PBXProject "Attendance_iOS" */ = {
			isa = XCConfigurationList;
			buildConfigurations = (
				232F5A4E1C82808C0013044E /* Debug */,
				232F5A4F1C82808C0013044E /* Release */,
			);
			defaultConfigurationIsVisible = 0;
			defaultConfigurationName = Release;
		};
		232F5A501C82808C0013044E /* Build configuration list for PBXNativeTarget "Attendance_iOS" */ = {
			isa = XCConfigurationList;
			buildConfigurations = (
				232F5A511C82808C0013044E /* Debug */,
				232F5A521C82808C0013044E /* Release */,
			);
			defaultConfigurationIsVisible = 0;
		};
		232F5A531C82808C0013044E /* Build configuration list for PBXNativeTarget "Attendance_iOSTests" */ = {
			isa = XCConfigurationList;
			buildConfigurations = (
				232F5A541C82808C0013044E /* Debug */,
				232F5A551C82808C0013044E /* Release */,
			);
			defaultConfigurationIsVisible = 0;
		};
		232F5A561C82808C0013044E /* Build configuration list for PBXNativeTarget "Attendance_iOSUITests" */ = {
			isa = XCConfigurationList;
			buildConfigurations = (
				232F5A571C82808C0013044E /* Debug */,
				232F5A581C82808C0013044E /* Release */,
			);
			defaultConfigurationIsVisible = 0;
		};
/* End XCConfigurationList section */
	};
	rootObject = 232F5A201C82808C0013044E /* Project object */;
}
